
Microsoft Visual Studio Solution File, Format Version 12.00
# Visual Studio Version 16
VisualStudioVersion = 16.0.31515.178
MinimumVisualStudioVersion = 10.0.40219.1
Project("{2150E333-8FDC-42A3-9474-1A3956D46DE8}") = "src", "src", "{D598A8FD-AF65-4E98-A73B-1BE4D96774C6}"
EndProject
Project("{9A19103F-16F7-4668-BE54-9A1E7A4F7556}") = "BloodBankAPI", "src\BloodBankAPI\BloodBankAPI.csproj", "{9D3741D8-28D7-4306-A55C-90C2525CAE74}"
EndProject
Project("{9A19103F-16F7-4668-BE54-9A1E7A4F7556}") = "BloodBankLibrary", "src\BloodBankLibrary\BloodBankLibrary.csproj", "{53E803C2-9043-499D-A666-5AF330B42683}"
EndProject
Global
	GlobalSection(SolutionConfigurationPlatforms) = preSolution
		Debug|Any CPU = Debug|Any CPU
		Release|Any CPU = Release|Any CPU
	EndGlobalSection
	GlobalSection(ProjectConfigurationPlatforms) = postSolution
		{9D3741D8-28D7-4306-A55C-90C2525CAE74}.Debug|Any CPU.ActiveCfg = Debug|Any CPU
		{9D3741D8-28D7-4306-A55C-90C2525CAE74}.Debug|Any CPU.Build.0 = Debug|Any CPU
		{9D3741D8-28D7-4306-A55C-90C2525CAE74}.Release|Any CPU.ActiveCfg = Release|Any CPU
		{9D3741D8-28D7-4306-A55C-90C2525CAE74}.Release|Any CPU.Build.0 = Release|Any CPU
		{53E803C2-9043-499D-A666-5AF330B42683}.Debug|Any CPU.ActiveCfg = Debug|Any CPU
		{53E803C2-9043-499D-A666-5AF330B42683}.Debug|Any CPU.Build.0 = Debug|Any CPU
		{53E803C2-9043-499D-A666-5AF330B42683}.Release|Any CPU.ActiveCfg = Release|Any CPU
		{53E803C2-9043-499D-A666-5AF330B42683}.Release|Any CPU.Build.0 = Release|Any CPU
	EndGlobalSection
	GlobalSection(SolutionProperties) = preSolution
		HideSolutionNode = FALSE
	EndGlobalSection
	GlobalSection(NestedProjects) = preSolution
		{9D3741D8-28D7-4306-A55C-90C2525CAE74} = {D598A8FD-AF65-4E98-A73B-1BE4D96774C6}
		{53E803C2-9043-499D-A666-5AF330B42683} = {D598A8FD-AF65-4E98-A73B-1BE4D96774C6}
	EndGlobalSection
	GlobalSection(ExtensibilityGlobals) = postSolution
		SolutionGuid = {321E0EAD-F8FE-4843-A345-178BDB1D01E8}
	EndGlobalSection
EndGlobal
