
Microsoft Visual Studio Solution File, Format Version 12.00
# Visual Studio Version 16
VisualStudioVersion = 16.0.31515.178
MinimumVisualStudioVersion = 10.0.40219.1
Project("{2150E333-8FDC-42A3-9474-1A3956D46DE8}") = "src", "src", "{D598A8FD-AF65-4E98-A73B-1BE4D96774C6}"
EndProject
Project("{9A19103F-16F7-4668-BE54-9A1E7A4F7556}") = "BloodBankAPI", "src\HospitalAPI\BloodBankAPI.csproj", "{94E83A7C-2FD7-4274-AC9F-114A04520F6D}"
EndProject
Project("{9A19103F-16F7-4668-BE54-9A1E7A4F7556}") = "BloodBankLibrary", "src\HospitalLibrary\BloodBankLibrary.csproj", "{4061723E-C72C-45A0-B1EC-5068C52594AE}"
EndProject
Global
	GlobalSection(SolutionConfigurationPlatforms) = preSolution
		Debug|Any CPU = Debug|Any CPU
		Release|Any CPU = Release|Any CPU
	EndGlobalSection
	GlobalSection(ProjectConfigurationPlatforms) = postSolution
		{94E83A7C-2FD7-4274-AC9F-114A04520F6D}.Debug|Any CPU.ActiveCfg = Debug|Any CPU
		{94E83A7C-2FD7-4274-AC9F-114A04520F6D}.Debug|Any CPU.Build.0 = Debug|Any CPU
		{94E83A7C-2FD7-4274-AC9F-114A04520F6D}.Release|Any CPU.ActiveCfg = Release|Any CPU
		{94E83A7C-2FD7-4274-AC9F-114A04520F6D}.Release|Any CPU.Build.0 = Release|Any CPU
		{4061723E-C72C-45A0-B1EC-5068C52594AE}.Debug|Any CPU.ActiveCfg = Debug|Any CPU
		{4061723E-C72C-45A0-B1EC-5068C52594AE}.Debug|Any CPU.Build.0 = Debug|Any CPU
		{4061723E-C72C-45A0-B1EC-5068C52594AE}.Release|Any CPU.ActiveCfg = Release|Any CPU
		{4061723E-C72C-45A0-B1EC-5068C52594AE}.Release|Any CPU.Build.0 = Release|Any CPU
	EndGlobalSection
	GlobalSection(SolutionProperties) = preSolution
		HideSolutionNode = FALSE
	EndGlobalSection
	GlobalSection(NestedProjects) = preSolution
		{94E83A7C-2FD7-4274-AC9F-114A04520F6D} = {D598A8FD-AF65-4E98-A73B-1BE4D96774C6}
		{4061723E-C72C-45A0-B1EC-5068C52594AE} = {D598A8FD-AF65-4E98-A73B-1BE4D96774C6}
	EndGlobalSection
	GlobalSection(ExtensibilityGlobals) = postSolution
		SolutionGuid = {321E0EAD-F8FE-4843-A345-178BDB1D01E8}
	EndGlobalSection
EndGlobal
