
Microsoft Visual Studio Solution File, Format Version 12.00
# Visual Studio Version 17
VisualStudioVersion = 17.1.32228.430
MinimumVisualStudioVersion = 15.0.26124.0
Project("{2150E333-8FDC-42A3-9474-1A3956D46DE8}") = "src", "src", "{D4E73839-1822-4156-BA85-AA7A97E87DF2}"
EndProject
Project("{9A19103F-16F7-4668-BE54-9A1E7A4F7556}") = "WebApi", "src\WebApi\WebApi.csproj", "{B2B3F033-1F36-4FCB-A616-B72CFAEB0B1E}"
EndProject
Project("{9A19103F-16F7-4668-BE54-9A1E7A4F7556}") = "Model", "..\Model\Model.csproj", "{991194E7-C75B-4B81-A02A-348CFFD82B6A}"
EndProject
Global
	GlobalSection(SolutionConfigurationPlatforms) = preSolution
		Debug|Any CPU = Debug|Any CPU
		Debug|x64 = Debug|x64
		Debug|x86 = Debug|x86
		Release|Any CPU = Release|Any CPU
		Release|x64 = Release|x64
		Release|x86 = Release|x86
	EndGlobalSection
	GlobalSection(ProjectConfigurationPlatforms) = postSolution
		{B2B3F033-1F36-4FCB-A616-B72CFAEB0B1E}.Debug|Any CPU.ActiveCfg = Debug|Any CPU
		{B2B3F033-1F36-4FCB-A616-B72CFAEB0B1E}.Debug|Any CPU.Build.0 = Debug|Any CPU
		{B2B3F033-1F36-4FCB-A616-B72CFAEB0B1E}.Debug|x64.ActiveCfg = Debug|Any CPU
		{B2B3F033-1F36-4FCB-A616-B72CFAEB0B1E}.Debug|x64.Build.0 = Debug|Any CPU
		{B2B3F033-1F36-4FCB-A616-B72CFAEB0B1E}.Debug|x86.ActiveCfg = Debug|Any CPU
		{B2B3F033-1F36-4FCB-A616-B72CFAEB0B1E}.Debug|x86.Build.0 = Debug|Any CPU
		{B2B3F033-1F36-4FCB-A616-B72CFAEB0B1E}.Release|Any CPU.ActiveCfg = Release|Any CPU
		{B2B3F033-1F36-4FCB-A616-B72CFAEB0B1E}.Release|Any CPU.Build.0 = Release|Any CPU
		{B2B3F033-1F36-4FCB-A616-B72CFAEB0B1E}.Release|x64.ActiveCfg = Release|Any CPU
		{B2B3F033-1F36-4FCB-A616-B72CFAEB0B1E}.Release|x64.Build.0 = Release|Any CPU
		{B2B3F033-1F36-4FCB-A616-B72CFAEB0B1E}.Release|x86.ActiveCfg = Release|Any CPU
		{B2B3F033-1F36-4FCB-A616-B72CFAEB0B1E}.Release|x86.Build.0 = Release|Any CPU
		{991194E7-C75B-4B81-A02A-348CFFD82B6A}.Debug|Any CPU.ActiveCfg = Debug|Any CPU
		{991194E7-C75B-4B81-A02A-348CFFD82B6A}.Debug|Any CPU.Build.0 = Debug|Any CPU
		{991194E7-C75B-4B81-A02A-348CFFD82B6A}.Debug|x64.ActiveCfg = Debug|Any CPU
		{991194E7-C75B-4B81-A02A-348CFFD82B6A}.Debug|x64.Build.0 = Debug|Any CPU
		{991194E7-C75B-4B81-A02A-348CFFD82B6A}.Debug|x86.ActiveCfg = Debug|Any CPU
		{991194E7-C75B-4B81-A02A-348CFFD82B6A}.Debug|x86.Build.0 = Debug|Any CPU
		{991194E7-C75B-4B81-A02A-348CFFD82B6A}.Release|Any CPU.ActiveCfg = Release|Any CPU
		{991194E7-C75B-4B81-A02A-348CFFD82B6A}.Release|Any CPU.Build.0 = Release|Any CPU
		{991194E7-C75B-4B81-A02A-348CFFD82B6A}.Release|x64.ActiveCfg = Release|Any CPU
		{991194E7-C75B-4B81-A02A-348CFFD82B6A}.Release|x64.Build.0 = Release|Any CPU
		{991194E7-C75B-4B81-A02A-348CFFD82B6A}.Release|x86.ActiveCfg = Release|Any CPU
		{991194E7-C75B-4B81-A02A-348CFFD82B6A}.Release|x86.Build.0 = Release|Any CPU
	EndGlobalSection
	GlobalSection(SolutionProperties) = preSolution
		HideSolutionNode = FALSE
	EndGlobalSection
	GlobalSection(NestedProjects) = preSolution
		{B2B3F033-1F36-4FCB-A616-B72CFAEB0B1E} = {D4E73839-1822-4156-BA85-AA7A97E87DF2}
	EndGlobalSection
	GlobalSection(ExtensibilityGlobals) = postSolution
		SolutionGuid = {A5F824B3-FF2D-4E66-BCB9-74E8A05DD19B}
	EndGlobalSection
EndGlobal
